Microsoft Visual Studio Solution File, Format Version 11.00
# Visual Studio 2008

Project("{F0D746AE-F0CD-8211-ED63-A632872875D2}") = "vegetableView15", "Assembly-CSharp-firstpass.csproj", "{3A4E5959-F191-7BFB-6228-2519956655B4}"
EndProject
Project("{F0D746AE-F0CD-8211-ED63-A632872875D2}") = "vegetableView15", "Assembly-CSharp.csproj", "{C4A243B0-C860-F89C-CFF5-055227C846CB}"
EndProject
Project("{F0D746AE-F0CD-8211-ED63-A632872875D2}") = "vegetableView15", "Assembly-CSharp-Editor.csproj", "{ECA2FCA0-7A56-CE08-E271-1E22D4AF1774}"
EndProject
Global
	GlobalSection(SolutionConfigurationPlatforms) = preSolution
		Debug|Any CPU = Debug|Any CPU
		Release|Any CPU = Release|Any CPU
	EndGlobalSection
	GlobalSection(ProjectConfigurationPlatforms) = postSolution
		{3A4E5959-F191-7BFB-6228-2519956655B4}.Debug|Any CPU.ActiveCfg = Debug|Any CPU
		{3A4E5959-F191-7BFB-6228-2519956655B4}.Debug|Any CPU.Build.0 = Debug|Any CPU
		{3A4E5959-F191-7BFB-6228-2519956655B4}.Release|Any CPU.ActiveCfg = Release|Any CPU
		{3A4E5959-F191-7BFB-6228-2519956655B4}.Release|Any CPU.Build.0 = Release|Any CPU
		{C4A243B0-C860-F89C-CFF5-055227C846CB}.Debug|Any CPU.ActiveCfg = Debug|Any CPU
		{C4A243B0-C860-F89C-CFF5-055227C846CB}.Debug|Any CPU.Build.0 = Debug|Any CPU
		{C4A243B0-C860-F89C-CFF5-055227C846CB}.Release|Any CPU.ActiveCfg = Release|Any CPU
		{C4A243B0-C860-F89C-CFF5-055227C846CB}.Release|Any CPU.Build.0 = Release|Any CPU
		{ECA2FCA0-7A56-CE08-E271-1E22D4AF1774}.Debug|Any CPU.ActiveCfg = Debug|Any CPU
		{ECA2FCA0-7A56-CE08-E271-1E22D4AF1774}.Debug|Any CPU.Build.0 = Debug|Any CPU
		{ECA2FCA0-7A56-CE08-E271-1E22D4AF1774}.Release|Any CPU.ActiveCfg = Release|Any CPU
		{ECA2FCA0-7A56-CE08-E271-1E22D4AF1774}.Release|Any CPU.Build.0 = Release|Any CPU
	EndGlobalSection
	GlobalSection(SolutionProperties) = preSolution
		HideSolutionNode = FALSE
	EndGlobalSection
	GlobalSection(MonoDevelopProperties) = preSolution
		StartupItem = Assembly-CSharp.csproj
	EndGlobalSection
EndGlobal
